
Microsoft Visual Studio Solution File, Format Version 12.00
# Visual Studio Version 17
VisualStudioVersion = 17.8.34330.188
MinimumVisualStudioVersion = 10.0.40219.1
Project("{FAE04EC0-301F-11D3-BF4B-00C04F79EFBC}") = "SQ20.NET_WEEK1_TASK", "SQ20.NET_WEEK1_TASK.csproj", "{616FEA74-B6C6-4FAD-AA02-27C03508D03F}"
EndProject
Global
	GlobalSection(SolutionConfigurationPlatforms) = preSolution
		Debug|Any CPU = Debug|Any CPU
		Release|Any CPU = Release|Any CPU
	EndGlobalSection
	GlobalSection(ProjectConfigurationPlatforms) = postSolution
		{616FEA74-B6C6-4FAD-AA02-27C03508D03F}.Debug|Any CPU.ActiveCfg = Debug|Any CPU
		{616FEA74-B6C6-4FAD-AA02-27C03508D03F}.Debug|Any CPU.Build.0 = Debug|Any CPU
		{616FEA74-B6C6-4FAD-AA02-27C03508D03F}.Release|Any CPU.ActiveCfg = Release|Any CPU
		{616FEA74-B6C6-4FAD-AA02-27C03508D03F}.Release|Any CPU.Build.0 = Release|Any CPU
	EndGlobalSection
	GlobalSection(SolutionProperties) = preSolution
		HideSolutionNode = FALSE
	EndGlobalSection
	GlobalSection(ExtensibilityGlobals) = postSolution
		SolutionGuid = {36F6A0EA-A8DE-4244-81B0-34849E00952A}
	EndGlobalSection
EndGlobal
